{
  "name": "src",
  "lockfileVersion": 3,
  "requires": true,
  "packages": {
    "": {
      "dependencies": {
        "jquery-editable-select": "^2.2.5"
      }
    },
    "node_modules/jquery": {
      "version": "3.7.1",
      "resolved": "https://registry.npmjs.org/jquery/-/jquery-3.7.1.tgz",
      "integrity": "sha512-m4avr8yL8kmFN8psrbFFFmB/If14iN5o9nw/NgnnM+kybDJpRsAynV2BsfpTYrTRysYUdADVD7CkUUizgkpLfg=="
    },
    "node_modules/jquery-editable-select": {
      "version": "2.2.5",
      "resolved": "https://registry.npmjs.org/jquery-editable-select/-/jquery-editable-select-2.2.5.tgz",
      "integrity": "sha512-ok3ws1X9a24ws/wMu4h/CaVEMkytVNqTeOX1O7aU65d4Ty+/olC56/m9Md5yfjVw3vCjfCTTWeY2/DdkVTgmSQ==",
      "dependencies": {
        "jquery": ">=1.1.1"
      }
    }
  }
}
